
Microsoft Visual Studio Solution File, Format Version 12.00
# Visual Studio Version 17
VisualStudioVersion = 17.0.32112.339
MinimumVisualStudioVersion = 10.0.40219.1
Project("{8BC9CEB8-8B4A-11D0-8D11-00A0C91BC942}") = "220118_4", "220118_4\220118_4.vcxproj", "{71E4F202-345F-4C2E-A223-D4B0DE252EC8}"
EndProject
Global
	GlobalSection(SolutionConfigurationPlatforms) = preSolution
		Debug|x64 = Debug|x64
		Debug|x86 = Debug|x86
		Release|x64 = Release|x64
		Release|x86 = Release|x86
	EndGlobalSection
	GlobalSection(ProjectConfigurationPlatforms) = postSolution
		{71E4F202-345F-4C2E-A223-D4B0DE252EC8}.Debug|x64.ActiveCfg = Debug|x64
		{71E4F202-345F-4C2E-A223-D4B0DE252EC8}.Debug|x64.Build.0 = Debug|x64
		{71E4F202-345F-4C2E-A223-D4B0DE252EC8}.Debug|x86.ActiveCfg = Debug|Win32
		{71E4F202-345F-4C2E-A223-D4B0DE252EC8}.Debug|x86.Build.0 = Debug|Win32
		{71E4F202-345F-4C2E-A223-D4B0DE252EC8}.Release|x64.ActiveCfg = Release|x64
		{71E4F202-345F-4C2E-A223-D4B0DE252EC8}.Release|x64.Build.0 = Release|x64
		{71E4F202-345F-4C2E-A223-D4B0DE252EC8}.Release|x86.ActiveCfg = Release|Win32
		{71E4F202-345F-4C2E-A223-D4B0DE252EC8}.Release|x86.Build.0 = Release|Win32
	EndGlobalSection
	GlobalSection(SolutionProperties) = preSolution
		HideSolutionNode = FALSE
	EndGlobalSection
	GlobalSection(ExtensibilityGlobals) = postSolution
		SolutionGuid = {2121399E-BD46-4A2F-A7C5-FE4659475D0F}
	EndGlobalSection
EndGlobal
